<?xml version="1.0" encoding="UTF-8" standalone="yes" ?>
<CodeBlocks_project_file>
	<FileVersion major="1" minor="6" />
	<Project>
		<Option title="homework02" />
		<Option pch_mode="2" />
		<Option compiler="gcc" />
		<Build>
			<Target title="Debug Win32">
				<Option output="homework02" prefix_auto="1" extension_auto="1" />
				<Option type="1" />
				<Option compiler="gcc" />
				<Option use_console_runner="0" />
				<Compiler>
					<Add option="-std=c++11" />
					<Add option="-D_CRT_SECURE_NO_WARNINGS" />
					<Add option="-DWIN32" />
					<Add option="-D_DEBUG" />
					<Add option="-D_CONSOLE" />
					<Add directory="external/include" />
				</Compiler>
				<Linker>
					<Add directory="external/lib" />
				</Linker>
			</Target>
			<Target title="Release Win32">
				<Option output="homework02" prefix_auto="1" extension_auto="1" />
				<Option type="0" />
				<Option compiler="gcc" />
				<Compiler>
					<Add option="-std=c++11" />
					<Add option="-D_CRT_SECURE_NO_WARNINGS" />
					<Add option="-DWIN32" />
					<Add option="-DNDEBUG" />
					<Add option="-D_CONSOLE" />
					<Add directory="external/include" />
				</Compiler>
				<Linker>
					<Add directory="external/lib" />
				</Linker>
			</Target>
		</Build>
		<Compiler>
			<Add option="-DUNICODE" />
		</Compiler>
		<Linker>
			<Add library="glew32" />
			<Add library="opengl32" />
			<Add library="glu32" />
			<Add library="png" />
			<Add library="z" />
			<Add library="gdi32" />
		</Linker>
		<Unit filename="Actors/ActorAmbientLight.cpp" />
		<Unit filename="Actors/ActorAmbientLight.h" />
		<Unit filename="Actors/ActorBackgroundMountain.cpp" />
		<Unit filename="Actors/ActorBackgroundMountain.h" />
		<Unit filename="Actors/ActorCampfire.cpp" />
		<Unit filename="Actors/ActorCampfire.h" />
		<Unit filename="Actors/ActorCloud.cpp" />
		<Unit filename="Actors/ActorCloud.h" />
		<Unit filename="Actors/ActorHouse.cpp" />
		<Unit filename="Actors/ActorHouse.h" />
		<Unit filename="Actors/ActorSnowflake.cpp" />
		<Unit filename="Actors/ActorSnowflake.h" />
		<Unit filename="Actors/ActorSnowman.cpp" />
		<Unit filename="Actors/ActorSnowman.h" />
		<Unit filename="Actors/ActorSun.cpp" />
		<Unit filename="Actors/ActorSun.h" />
		<Unit filename="Actors/GenericActor.cpp" />
		<Unit filename="Actors/GenericActor.h" />
		<Unit filename="GenericScene.cpp" />
		<Unit filename="GenericScene.h" />
		<Unit filename="Logger.cpp" />
		<Unit filename="Logger.h" />
		<Unit filename="Render/FrameBuffer.cpp" />
		<Unit filename="Render/FrameBuffer.h" />
		<Unit filename="Render/Shader.cpp" />
		<Unit filename="Render/Shader.h" />
		<Unit filename="Render/Texture.cpp" />
		<Unit filename="Render/Texture.h" />
		<Unit filename="Render/TextureManager.cpp" />
		<Unit filename="Render/TextureManager.h" />
		<Unit filename="Render/Vertex.h" />
		<Unit filename="Render/VertexArrayObject.cpp" />
		<Unit filename="Render/VertexArrayObject.h" />
		<Unit filename="Render/VertexBufferObject.cpp" />
		<Unit filename="Render/VertexBufferObject.h" />
		<Unit filename="Scene.cpp" />
		<Unit filename="Scene.h" />
		<Unit filename="helpers.cpp" />
		<Unit filename="helpers.h" />
		<Unit filename="homework02.cpp" />
		<Unit filename="homework02.h" />
		<Unit filename="packages.config" />
		<Extensions>
			<code_completion />
			<envvars />
			<debugger />
		</Extensions>
	</Project>
</CodeBlocks_project_file>
