<?xml version="1.0" encoding="UTF-8" standalone="yes" ?>
<CodeBlocks_project_file>
	<FileVersion major="1" minor="6" />
	<Project>
		<Option title="spriteEngine" />
		<Option platforms="Windows;Mac;" />
		<Option pch_mode="2" />
		<Option compiler="gcc" />
		<Build>
			<Target title="Debug">
				<Option platforms="Windows;" />
				<Option output="bin/Debug/spriteEngine" prefix_auto="1" extension_auto="1" />
				<Option object_output="obj/Debug/" />
				<Option type="1" />
				<Option compiler="gcc" />
				<Compiler>
					<Add option="-g" />
					<Add option="-DDEBUG" />
					<Add option="-DCONSOLE" />
					<Add option="-D_DEBUG" />
				</Compiler>
			</Target>
			<Target title="Release">
				<Option output="bin/Release/spriteEngine" prefix_auto="1" extension_auto="1" />
				<Option object_output="obj/Release/" />
				<Option type="1" />
				<Option compiler="gcc" />
				<Compiler>
					<Add option="-O2" />
					<Add option="-DNDEBUG" />
				</Compiler>
				<Linker>
					<Add option="-s" />
				</Linker>
			</Target>
		</Build>
		<Compiler>
			<Add option="-std=c++11" />
			<Add option="-g" />
			<Add option="-DWIN32" />
			<Add option="-DUNICODE" />
			<Add option="-DGLEW_STATIC" />
			<Add directory="external/include" />
		</Compiler>
		<Linker>
			<Add library="external\lib\glew32s.lib" />
			<Add library="opengl32" />
			<Add library="glu32" />
			<Add library="external\lib\libglfw3.a" />
			<Add library="external\lib\libpng.a" />
			<Add library="external\lib\libz.a" />
			<Add library="gdi32" />
			<Add directory="external/lib" />
		</Linker>
		<Unit filename="spriteEngine/Debug/seDebug.hpp" />
		<Unit filename="spriteEngine/Debug/seExceptions.cpp" />
		<Unit filename="spriteEngine/Debug/seExceptions.hpp" />
		<Unit filename="spriteEngine/Debug/seLogger.cpp" />
		<Unit filename="spriteEngine/Debug/seLogger.hpp" />
		<Unit filename="spriteEngine/Render/seScene.cpp" />
		<Unit filename="spriteEngine/Render/seScene.hpp" />
		<Unit filename="spriteEngine/Render/seSceneObject.cpp" />
		<Unit filename="spriteEngine/Render/seSceneObject.hpp" />
		<Unit filename="spriteEngine/Render/seSprite.cpp" />
		<Unit filename="spriteEngine/Render/seSprite.hpp" />
		<Unit filename="spriteEngine/Render/seVAO.cpp" />
		<Unit filename="spriteEngine/Render/seVAO.hpp" />
		<Unit filename="spriteEngine/Render/seVBO.cpp" />
		<Unit filename="spriteEngine/Render/seVBO.hpp" />
		<Unit filename="spriteEngine/Render/seVertex.hpp" />
		<Unit filename="spriteEngine/Resources/seProgram.cpp" />
		<Unit filename="spriteEngine/Resources/seProgram.hpp" />
		<Unit filename="spriteEngine/Resources/seResource.hpp" />
		<Unit filename="spriteEngine/Resources/seResourceManager.cpp" />
		<Unit filename="spriteEngine/Resources/seResourceManager.hpp" />
		<Unit filename="spriteEngine/Resources/seShader.cpp" />
		<Unit filename="spriteEngine/Resources/seShader.hpp" />
		<Unit filename="spriteEngine/Resources/seTexture.cpp" />
		<Unit filename="spriteEngine/Resources/seTexture.hpp" />
		<Unit filename="spriteEngine/Utils/seCollection.hpp" />
		<Unit filename="spriteEngine/Utils/seEnums.hpp" />
		<Unit filename="spriteEngine/Utils/seHelpers.hpp" />
		<Unit filename="spriteEngine/Utils/seSingleton.hpp" />
		<Unit filename="spriteEngine/seMain.cpp" />
		<Extensions>
			<code_completion />
			<envvars />
			<debugger />
			<lib_finder disable_auto="1" />
			<DoxyBlocks>
				<comment_style block="0" line="0" />
				<doxyfile_project />
				<doxyfile_build />
				<doxyfile_warnings />
				<doxyfile_output />
				<doxyfile_dot />
				<general />
			</DoxyBlocks>
		</Extensions>
	</Project>
</CodeBlocks_project_file>
