// !$*UTF8*$!
{
	archiveVersion = 1;
	classes = {
	};
	objectVersion = 46;
	objects = {

/* Begin PBXBuildFile section */
		4C54BA1C1C5D817D0098F8A3 /* seSpriteTile.cpp in Sources */ = {isa = PBXBuildFile; fileRef = 4C54BA1A1C5D817D0098F8A3 /* seSpriteTile.cpp */; };
		4C54BA261C5E235D0098F8A3 /* seGameLevel.cpp in Sources */ = {isa = PBXBuildFile; fileRef = 4C54BA241C5E235D0098F8A3 /* seGameLevel.cpp */; };
		4C8B7FC71C5B9D2E001849D2 /* Data in Resources */ = {isa = PBXBuildFile; fileRef = 4C8B7FC61C5B9D2E001849D2 /* Data */; };
		4C8C855C1C5E24DE00C37BD0 /* gameScene.cpp in Sources */ = {isa = PBXBuildFile; fileRef = 4CFE07451C5D6B2100289E4B /* gameScene.cpp */; };
		4C93ACCE1C5CD664001F8833 /* seLogger.cpp in Sources */ = {isa = PBXBuildFile; fileRef = 4C93ACCC1C5CD664001F8833 /* seLogger.cpp */; };
		4C93ACD11C5CE46C001F8833 /* seExceptions.cpp in Sources */ = {isa = PBXBuildFile; fileRef = 4C93ACCF1C5CE46C001F8833 /* seExceptions.cpp */; };
		4C9DB5611C590703005D6BEC /* libGLEW.a in Frameworks */ = {isa = PBXBuildFile; fileRef = 4C9DB5601C590703005D6BEC /* libGLEW.a */; };
		4C9DB5631C590715005D6BEC /* libglfw3.3.1.dylib in Frameworks */ = {isa = PBXBuildFile; fileRef = 4C9DB5621C590715005D6BEC /* libglfw3.3.1.dylib */; };
		4C9DB56A1C590D74005D6BEC /* seScene.cpp in Sources */ = {isa = PBXBuildFile; fileRef = 4C9DB5681C590D74005D6BEC /* seScene.cpp */; };
		4C9DB56E1C590FE9005D6BEC /* seSprite.cpp in Sources */ = {isa = PBXBuildFile; fileRef = 4C9DB56C1C590FE9005D6BEC /* seSprite.cpp */; };
		4CC2831E1C5B7D96008D472A /* seSceneObject.cpp in Sources */ = {isa = PBXBuildFile; fileRef = 4CC2831C1C5B7D96008D472A /* seSceneObject.cpp */; };
		4CD9A7CF1C59029A0086AC7D /* Cocoa.framework in Frameworks */ = {isa = PBXBuildFile; fileRef = 4CD9A7CE1C59029A0086AC7D /* Cocoa.framework */; };
		4CD9A7D11C5902A00086AC7D /* IOKit.framework in Frameworks */ = {isa = PBXBuildFile; fileRef = 4CD9A7D01C5902A00086AC7D /* IOKit.framework */; };
		4CD9A7D31C5902A60086AC7D /* OpenGL.framework in Frameworks */ = {isa = PBXBuildFile; fileRef = 4CD9A7D21C5902A60086AC7D /* OpenGL.framework */; };
		4CD9A7D61C5902DF0086AC7D /* QuartzCore.framework in Frameworks */ = {isa = PBXBuildFile; fileRef = 4CD9A7D51C5902DF0086AC7D /* QuartzCore.framework */; };
		4CF5B8FB1C591E2A00BD7366 /* seShader.cpp in Sources */ = {isa = PBXBuildFile; fileRef = 4CF5B8F91C591E2A00BD7366 /* seShader.cpp */; };
		4CF5B9011C591F9500BD7366 /* seResourceManager.cpp in Sources */ = {isa = PBXBuildFile; fileRef = 4CF5B8FF1C591F9500BD7366 /* seResourceManager.cpp */; };
		4CF5B9041C594AD800BD7366 /* seTexture.cpp in Sources */ = {isa = PBXBuildFile; fileRef = 4CF5B9021C594AD800BD7366 /* seTexture.cpp */; };
		4CF5B9071C59552000BD7366 /* libpng16.a in Frameworks */ = {isa = PBXBuildFile; fileRef = 4CF5B9061C59552000BD7366 /* libpng16.a */; };
		4CF5B90A1C59559B00BD7366 /* seProgram.cpp in Sources */ = {isa = PBXBuildFile; fileRef = 4CF5B9081C59559B00BD7366 /* seProgram.cpp */; };
		4CF5B9111C597F3700BD7366 /* seVBO.cpp in Sources */ = {isa = PBXBuildFile; fileRef = 4CF5B90F1C597F3700BD7366 /* seVBO.cpp */; };
		4CF5B9141C59847400BD7366 /* seVAO.cpp in Sources */ = {isa = PBXBuildFile; fileRef = 4CF5B9121C59847400BD7366 /* seVAO.cpp */; };
		4CFE07431C5D6A5100289E4B /* seMain.cpp in Sources */ = {isa = PBXBuildFile; fileRef = 4CFE07421C5D6A5100289E4B /* seMain.cpp */; };
/* End PBXBuildFile section */

/* Begin PBXFileReference section */
		4C54BA1A1C5D817D0098F8A3 /* seSpriteTile.cpp */ = {isa = PBXFileReference; fileEncoding = 4; lastKnownFileType = sourcecode.cpp.cpp; name = seSpriteTile.cpp; path = Render/seSpriteTile.cpp; sourceTree = "<group>"; };
		4C54BA1B1C5D817D0098F8A3 /* seSpriteTile.hpp */ = {isa = PBXFileReference; fileEncoding = 4; lastKnownFileType = sourcecode.cpp.h; name = seSpriteTile.hpp; path = Render/seSpriteTile.hpp; sourceTree = "<group>"; };
		4C54BA1D1C5DEF290098F8A3 /* Resources.hpp */ = {isa = PBXFileReference; fileEncoding = 4; lastKnownFileType = sourcecode.cpp.h; name = Resources.hpp; path = Resources/Resources.hpp; sourceTree = "<group>"; };
		4C54BA241C5E235D0098F8A3 /* seGameLevel.cpp */ = {isa = PBXFileReference; fileEncoding = 4; lastKnownFileType = sourcecode.cpp.cpp; name = seGameLevel.cpp; path = Render/seGameLevel.cpp; sourceTree = "<group>"; };
		4C54BA251C5E235D0098F8A3 /* seGameLevel.hpp */ = {isa = PBXFileReference; fileEncoding = 4; lastKnownFileType = sourcecode.cpp.h; name = seGameLevel.hpp; path = Render/seGameLevel.hpp; sourceTree = "<group>"; };
		4C57128B1C5A51540092B3C6 /* seVertex.hpp */ = {isa = PBXFileReference; fileEncoding = 4; lastKnownFileType = sourcecode.cpp.h; name = seVertex.hpp; path = Render/seVertex.hpp; sourceTree = "<group>"; };
		4C8B7FC61C5B9D2E001849D2 /* Data */ = {isa = PBXFileReference; lastKnownFileType = folder; path = Data; sourceTree = "<group>"; };
		4C8D53701C5B2C9100C471B7 /* seCollection.hpp */ = {isa = PBXFileReference; fileEncoding = 4; lastKnownFileType = sourcecode.cpp.h; name = seCollection.hpp; path = Utils/seCollection.hpp; sourceTree = "<group>"; };
		4C93ACCC1C5CD664001F8833 /* seLogger.cpp */ = {isa = PBXFileReference; fileEncoding = 4; lastKnownFileType = sourcecode.cpp.cpp; name = seLogger.cpp; path = Debug/seLogger.cpp; sourceTree = "<group>"; };
		4C93ACCD1C5CD664001F8833 /* seLogger.hpp */ = {isa = PBXFileReference; fileEncoding = 4; lastKnownFileType = sourcecode.cpp.h; name = seLogger.hpp; path = Debug/seLogger.hpp; sourceTree = "<group>"; };
		4C93ACCF1C5CE46C001F8833 /* seExceptions.cpp */ = {isa = PBXFileReference; fileEncoding = 4; lastKnownFileType = sourcecode.cpp.cpp; name = seExceptions.cpp; path = Debug/seExceptions.cpp; sourceTree = "<group>"; };
		4C93ACD01C5CE46C001F8833 /* seExceptions.hpp */ = {isa = PBXFileReference; fileEncoding = 4; lastKnownFileType = sourcecode.cpp.h; name = seExceptions.hpp; path = Debug/seExceptions.hpp; sourceTree = "<group>"; };
		4C93ACD21C5CE79A001F8833 /* Debug.hpp */ = {isa = PBXFileReference; fileEncoding = 4; lastKnownFileType = sourcecode.cpp.h; name = Debug.hpp; path = Debug/Debug.hpp; sourceTree = "<group>"; };
		4C9DB5601C590703005D6BEC /* libGLEW.a */ = {isa = PBXFileReference; lastKnownFileType = archive.ar; name = libGLEW.a; path = ../../../../../../../usr/local/Cellar/glew/1.13.0/lib/libGLEW.a; sourceTree = "<group>"; };
		4C9DB5621C590715005D6BEC /* libglfw3.3.1.dylib */ = {isa = PBXFileReference; lastKnownFileType = "compiled.mach-o.dylib"; name = libglfw3.3.1.dylib; path = ../../../../../../../usr/local/Cellar/glfw3/3.1.2/lib/libglfw3.3.1.dylib; sourceTree = "<group>"; };
		4C9DB5681C590D74005D6BEC /* seScene.cpp */ = {isa = PBXFileReference; fileEncoding = 4; lastKnownFileType = sourcecode.cpp.cpp; name = seScene.cpp; path = Render/seScene.cpp; sourceTree = "<group>"; };
		4C9DB5691C590D74005D6BEC /* seScene.hpp */ = {isa = PBXFileReference; fileEncoding = 4; lastKnownFileType = sourcecode.cpp.h; name = seScene.hpp; path = Render/seScene.hpp; sourceTree = "<group>"; };
		4C9DB56C1C590FE9005D6BEC /* seSprite.cpp */ = {isa = PBXFileReference; fileEncoding = 4; lastKnownFileType = sourcecode.cpp.cpp; name = seSprite.cpp; path = Render/seSprite.cpp; sourceTree = "<group>"; };
		4C9DB56D1C590FE9005D6BEC /* seSprite.hpp */ = {isa = PBXFileReference; fileEncoding = 4; lastKnownFileType = sourcecode.cpp.h; name = seSprite.hpp; path = Render/seSprite.hpp; sourceTree = "<group>"; };
		4CC2831C1C5B7D96008D472A /* seSceneObject.cpp */ = {isa = PBXFileReference; fileEncoding = 4; lastKnownFileType = sourcecode.cpp.cpp; name = seSceneObject.cpp; path = Render/seSceneObject.cpp; sourceTree = "<group>"; };
		4CC2831D1C5B7D96008D472A /* seSceneObject.hpp */ = {isa = PBXFileReference; fileEncoding = 4; lastKnownFileType = sourcecode.cpp.h; name = seSceneObject.hpp; path = Render/seSceneObject.hpp; sourceTree = "<group>"; };
		4CD9A7B71C5901500086AC7D /* spriteEngine.app */ = {isa = PBXFileReference; explicitFileType = wrapper.application; includeInIndex = 0; path = spriteEngine.app; sourceTree = BUILT_PRODUCTS_DIR; };
		4CD9A7CE1C59029A0086AC7D /* Cocoa.framework */ = {isa = PBXFileReference; lastKnownFileType = wrapper.framework; name = Cocoa.framework; path = System/Library/Frameworks/Cocoa.framework; sourceTree = SDKROOT; };
		4CD9A7D01C5902A00086AC7D /* IOKit.framework */ = {isa = PBXFileReference; lastKnownFileType = wrapper.framework; name = IOKit.framework; path = System/Library/Frameworks/IOKit.framework; sourceTree = SDKROOT; };
		4CD9A7D21C5902A60086AC7D /* OpenGL.framework */ = {isa = PBXFileReference; lastKnownFileType = wrapper.framework; name = OpenGL.framework; path = System/Library/Frameworks/OpenGL.framework; sourceTree = SDKROOT; };
		4CD9A7D51C5902DF0086AC7D /* QuartzCore.framework */ = {isa = PBXFileReference; lastKnownFileType = wrapper.framework; name = QuartzCore.framework; path = System/Library/Frameworks/QuartzCore.framework; sourceTree = SDKROOT; };
		4CF5B8F71C591C8800BD7366 /* seSingleton.hpp */ = {isa = PBXFileReference; fileEncoding = 4; lastKnownFileType = sourcecode.cpp.h; name = seSingleton.hpp; path = Utils/seSingleton.hpp; sourceTree = "<group>"; };
		4CF5B8F91C591E2A00BD7366 /* seShader.cpp */ = {isa = PBXFileReference; fileEncoding = 4; lastKnownFileType = sourcecode.cpp.cpp; name = seShader.cpp; path = Resources/seShader.cpp; sourceTree = "<group>"; };
		4CF5B8FA1C591E2A00BD7366 /* seShader.hpp */ = {isa = PBXFileReference; fileEncoding = 4; lastKnownFileType = sourcecode.cpp.h; name = seShader.hpp; path = Resources/seShader.hpp; sourceTree = "<group>"; };
		4CF5B8FD1C591EC900BD7366 /* seResource.hpp */ = {isa = PBXFileReference; fileEncoding = 4; lastKnownFileType = sourcecode.cpp.h; name = seResource.hpp; path = Resources/seResource.hpp; sourceTree = "<group>"; };
		4CF5B8FF1C591F9500BD7366 /* seResourceManager.cpp */ = {isa = PBXFileReference; fileEncoding = 4; lastKnownFileType = sourcecode.cpp.cpp; name = seResourceManager.cpp; path = Resources/seResourceManager.cpp; sourceTree = "<group>"; };
		4CF5B9001C591F9500BD7366 /* seResourceManager.hpp */ = {isa = PBXFileReference; fileEncoding = 4; lastKnownFileType = sourcecode.cpp.h; name = seResourceManager.hpp; path = Resources/seResourceManager.hpp; sourceTree = "<group>"; };
		4CF5B9021C594AD800BD7366 /* seTexture.cpp */ = {isa = PBXFileReference; fileEncoding = 4; lastKnownFileType = sourcecode.cpp.cpp; name = seTexture.cpp; path = Resources/seTexture.cpp; sourceTree = "<group>"; };
		4CF5B9031C594AD800BD7366 /* seTexture.hpp */ = {isa = PBXFileReference; fileEncoding = 4; lastKnownFileType = sourcecode.cpp.h; name = seTexture.hpp; path = Resources/seTexture.hpp; sourceTree = "<group>"; };
		4CF5B9051C594E6800BD7366 /* seHelpers.hpp */ = {isa = PBXFileReference; lastKnownFileType = sourcecode.cpp.h; name = seHelpers.hpp; path = Utils/seHelpers.hpp; sourceTree = "<group>"; };
		4CF5B9061C59552000BD7366 /* libpng16.a */ = {isa = PBXFileReference; lastKnownFileType = archive.ar; name = libpng16.a; path = ../../../../../../../usr/local/Cellar/libpng/1.6.20/lib/libpng16.a; sourceTree = "<group>"; };
		4CF5B9081C59559B00BD7366 /* seProgram.cpp */ = {isa = PBXFileReference; fileEncoding = 4; lastKnownFileType = sourcecode.cpp.cpp; name = seProgram.cpp; path = Resources/seProgram.cpp; sourceTree = "<group>"; };
		4CF5B9091C59559B00BD7366 /* seProgram.hpp */ = {isa = PBXFileReference; fileEncoding = 4; lastKnownFileType = sourcecode.cpp.h; name = seProgram.hpp; path = Resources/seProgram.hpp; sourceTree = "<group>"; };
		4CF5B90F1C597F3700BD7366 /* seVBO.cpp */ = {isa = PBXFileReference; fileEncoding = 4; lastKnownFileType = sourcecode.cpp.cpp; name = seVBO.cpp; path = Render/seVBO.cpp; sourceTree = "<group>"; };
		4CF5B9101C597F3700BD7366 /* seVBO.hpp */ = {isa = PBXFileReference; fileEncoding = 4; lastKnownFileType = sourcecode.cpp.h; name = seVBO.hpp; path = Render/seVBO.hpp; sourceTree = "<group>"; };
		4CF5B9121C59847400BD7366 /* seVAO.cpp */ = {isa = PBXFileReference; fileEncoding = 4; lastKnownFileType = sourcecode.cpp.cpp; name = seVAO.cpp; path = Render/seVAO.cpp; sourceTree = "<group>"; };
		4CF5B9131C59847400BD7366 /* seVAO.hpp */ = {isa = PBXFileReference; fileEncoding = 4; lastKnownFileType = sourcecode.cpp.h; name = seVAO.hpp; path = Render/seVAO.hpp; sourceTree = "<group>"; };
		4CF5B9151C5984B600BD7366 /* seEnums.hpp */ = {isa = PBXFileReference; fileEncoding = 4; lastKnownFileType = sourcecode.cpp.h; name = seEnums.hpp; path = Utils/seEnums.hpp; sourceTree = "<group>"; };
		4CFE07421C5D6A5100289E4B /* seMain.cpp */ = {isa = PBXFileReference; fileEncoding = 4; lastKnownFileType = sourcecode.cpp.cpp; name = seMain.cpp; path = seGame/seMain.cpp; sourceTree = "<group>"; };
		4CFE07451C5D6B2100289E4B /* gameScene.cpp */ = {isa = PBXFileReference; fileEncoding = 4; lastKnownFileType = sourcecode.cpp.cpp; name = gameScene.cpp; path = seGame/Scene/gameScene.cpp; sourceTree = "<group>"; };
		4CFE07461C5D6B2100289E4B /* gameScene.hpp */ = {isa = PBXFileReference; fileEncoding = 4; lastKnownFileType = sourcecode.cpp.h; name = gameScene.hpp; path = seGame/Scene/gameScene.hpp; sourceTree = "<group>"; };
/* End PBXFileReference section */

/* Begin PBXFrameworksBuildPhase section */
		4CD9A7B41C5901500086AC7D /* Frameworks */ = {
			isa = PBXFrameworksBuildPhase;
			buildActionMask = 2147483647;
			files = (
				4CF5B9071C59552000BD7366 /* libpng16.a in Frameworks */,
				4C9DB5631C590715005D6BEC /* libglfw3.3.1.dylib in Frameworks */,
				4C9DB5611C590703005D6BEC /* libGLEW.a in Frameworks */,
				4CD9A7D61C5902DF0086AC7D /* QuartzCore.framework in Frameworks */,
				4CD9A7D31C5902A60086AC7D /* OpenGL.framework in Frameworks */,
				4CD9A7D11C5902A00086AC7D /* IOKit.framework in Frameworks */,
				4CD9A7CF1C59029A0086AC7D /* Cocoa.framework in Frameworks */,
			);
			runOnlyForDeploymentPostprocessing = 0;
		};
/* End PBXFrameworksBuildPhase section */

/* Begin PBXGroup section */
		4C93ACCB1C5CD634001F8833 /* Debug */ = {
			isa = PBXGroup;
			children = (
				4C93ACCC1C5CD664001F8833 /* seLogger.cpp */,
				4C93ACCD1C5CD664001F8833 /* seLogger.hpp */,
				4C93ACCF1C5CE46C001F8833 /* seExceptions.cpp */,
				4C93ACD01C5CE46C001F8833 /* seExceptions.hpp */,
				4C93ACD21C5CE79A001F8833 /* Debug.hpp */,
			);
			name = Debug;
			sourceTree = "<group>";
		};
		4C9DB5641C590C0E005D6BEC /* Render */ = {
			isa = PBXGroup;
			children = (
				4C54BA241C5E235D0098F8A3 /* seGameLevel.cpp */,
				4C54BA251C5E235D0098F8A3 /* seGameLevel.hpp */,
				4C57128B1C5A51540092B3C6 /* seVertex.hpp */,
				4C9DB5681C590D74005D6BEC /* seScene.cpp */,
				4C9DB5691C590D74005D6BEC /* seScene.hpp */,
				4C9DB56C1C590FE9005D6BEC /* seSprite.cpp */,
				4C9DB56D1C590FE9005D6BEC /* seSprite.hpp */,
				4CF5B90F1C597F3700BD7366 /* seVBO.cpp */,
				4CF5B9101C597F3700BD7366 /* seVBO.hpp */,
				4CF5B9121C59847400BD7366 /* seVAO.cpp */,
				4CF5B9131C59847400BD7366 /* seVAO.hpp */,
				4CC2831C1C5B7D96008D472A /* seSceneObject.cpp */,
				4CC2831D1C5B7D96008D472A /* seSceneObject.hpp */,
				4C54BA1A1C5D817D0098F8A3 /* seSpriteTile.cpp */,
				4C54BA1B1C5D817D0098F8A3 /* seSpriteTile.hpp */,
			);
			name = Render;
			sourceTree = "<group>";
		};
		4C9DB56F1C59109D005D6BEC /* Utils */ = {
			isa = PBXGroup;
			children = (
				4CF5B9151C5984B600BD7366 /* seEnums.hpp */,
				4CF5B8F71C591C8800BD7366 /* seSingleton.hpp */,
				4CF5B9051C594E6800BD7366 /* seHelpers.hpp */,
				4C8D53701C5B2C9100C471B7 /* seCollection.hpp */,
			);
			name = Utils;
			sourceTree = "<group>";
		};
		4CD9A7AE1C5901500086AC7D = {
			isa = PBXGroup;
			children = (
				4C8B7FC61C5B9D2E001849D2 /* Data */,
				4CD9A7B91C5901500086AC7D /* spriteEngine */,
				4CD9A7D41C5902B80086AC7D /* Frameworks */,
				4CD9A7B81C5901500086AC7D /* Products */,
			);
			sourceTree = "<group>";
		};
		4CD9A7B81C5901500086AC7D /* Products */ = {
			isa = PBXGroup;
			children = (
				4CD9A7B71C5901500086AC7D /* spriteEngine.app */,
			);
			name = Products;
			sourceTree = "<group>";
		};
		4CD9A7B91C5901500086AC7D /* spriteEngine */ = {
			isa = PBXGroup;
			children = (
				4C93ACCB1C5CD634001F8833 /* Debug */,
				4CF5B8F81C591E0700BD7366 /* Resources */,
				4C9DB56F1C59109D005D6BEC /* Utils */,
				4C9DB5641C590C0E005D6BEC /* Render */,
				4CFE07411C5D69EB00289E4B /* seGamge */,
			);
			path = spriteEngine;
			sourceTree = "<group>";
		};
		4CD9A7D41C5902B80086AC7D /* Frameworks */ = {
			isa = PBXGroup;
			children = (
				4CF5B9061C59552000BD7366 /* libpng16.a */,
				4C9DB5621C590715005D6BEC /* libglfw3.3.1.dylib */,
				4C9DB5601C590703005D6BEC /* libGLEW.a */,
				4CD9A7D51C5902DF0086AC7D /* QuartzCore.framework */,
				4CD9A7D21C5902A60086AC7D /* OpenGL.framework */,
				4CD9A7D01C5902A00086AC7D /* IOKit.framework */,
				4CD9A7CE1C59029A0086AC7D /* Cocoa.framework */,
			);
			name = Frameworks;
			sourceTree = "<group>";
		};
		4CF5B8F81C591E0700BD7366 /* Resources */ = {
			isa = PBXGroup;
			children = (
				4CF5B8F91C591E2A00BD7366 /* seShader.cpp */,
				4CF5B8FA1C591E2A00BD7366 /* seShader.hpp */,
				4CF5B8FD1C591EC900BD7366 /* seResource.hpp */,
				4CF5B8FF1C591F9500BD7366 /* seResourceManager.cpp */,
				4CF5B9001C591F9500BD7366 /* seResourceManager.hpp */,
				4CF5B9021C594AD800BD7366 /* seTexture.cpp */,
				4CF5B9031C594AD800BD7366 /* seTexture.hpp */,
				4CF5B9081C59559B00BD7366 /* seProgram.cpp */,
				4CF5B9091C59559B00BD7366 /* seProgram.hpp */,
				4C54BA1D1C5DEF290098F8A3 /* Resources.hpp */,
			);
			name = Resources;
			sourceTree = "<group>";
		};
		4CFE07411C5D69EB00289E4B /* seGamge */ = {
			isa = PBXGroup;
			children = (
				4CFE07441C5D6AD000289E4B /* Scene */,
				4CFE07421C5D6A5100289E4B /* seMain.cpp */,
			);
			name = seGamge;
			path = ..;
			sourceTree = "<group>";
		};
		4CFE07441C5D6AD000289E4B /* Scene */ = {
			isa = PBXGroup;
			children = (
				4CFE07451C5D6B2100289E4B /* gameScene.cpp */,
				4CFE07461C5D6B2100289E4B /* gameScene.hpp */,
			);
			name = Scene;
			sourceTree = "<group>";
		};
/* End PBXGroup section */

/* Begin PBXNativeTarget section */
		4CD9A7B61C5901500086AC7D /* spriteEngine */ = {
			isa = PBXNativeTarget;
			buildConfigurationList = 4CD9A7C81C5901500086AC7D /* Build configuration list for PBXNativeTarget "spriteEngine" */;
			buildPhases = (
				4CD9A7B31C5901500086AC7D /* Sources */,
				4CD9A7B41C5901500086AC7D /* Frameworks */,
				4CD9A7B51C5901500086AC7D /* Resources */,
			);
			buildRules = (
			);
			dependencies = (
			);
			name = spriteEngine;
			productName = spriteEngine;
			productReference = 4CD9A7B71C5901500086AC7D /* spriteEngine.app */;
			productType = "com.apple.product-type.application";
		};
/* End PBXNativeTarget section */

/* Begin PBXProject section */
		4CD9A7AF1C5901500086AC7D /* Project object */ = {
			isa = PBXProject;
			attributes = {
				LastUpgradeCheck = 0720;
				ORGANIZATIONNAME = "Domrachev Alexandr";
				TargetAttributes = {
					4CD9A7B61C5901500086AC7D = {
						CreatedOnToolsVersion = 7.2;
					};
				};
			};
			buildConfigurationList = 4CD9A7B21C5901500086AC7D /* Build configuration list for PBXProject "spriteEngine" */;
			compatibilityVersion = "Xcode 3.2";
			developmentRegion = English;
			hasScannedForEncodings = 0;
			knownRegions = (
				en,
				Base,
			);
			mainGroup = 4CD9A7AE1C5901500086AC7D;
			productRefGroup = 4CD9A7B81C5901500086AC7D /* Products */;
			projectDirPath = "";
			projectRoot = "";
			targets = (
				4CD9A7B61C5901500086AC7D /* spriteEngine */,
			);
		};
/* End PBXProject section */

/* Begin PBXResourcesBuildPhase section */
		4CD9A7B51C5901500086AC7D /* Resources */ = {
			isa = PBXResourcesBuildPhase;
			buildActionMask = 2147483647;
			files = (
				4C8B7FC71C5B9D2E001849D2 /* Data in Resources */,
			);
			runOnlyForDeploymentPostprocessing = 0;
		};
/* End PBXResourcesBuildPhase section */

/* Begin PBXSourcesBuildPhase section */
		4CD9A7B31C5901500086AC7D /* Sources */ = {
			isa = PBXSourcesBuildPhase;
			buildActionMask = 2147483647;
			files = (
				4C8C855C1C5E24DE00C37BD0 /* gameScene.cpp in Sources */,
				4C54BA1C1C5D817D0098F8A3 /* seSpriteTile.cpp in Sources */,
				4C93ACCE1C5CD664001F8833 /* seLogger.cpp in Sources */,
				4CF5B8FB1C591E2A00BD7366 /* seShader.cpp in Sources */,
				4CF5B9141C59847400BD7366 /* seVAO.cpp in Sources */,
				4CF5B9111C597F3700BD7366 /* seVBO.cpp in Sources */,
				4CC2831E1C5B7D96008D472A /* seSceneObject.cpp in Sources */,
				4CF5B9041C594AD800BD7366 /* seTexture.cpp in Sources */,
				4C9DB56A1C590D74005D6BEC /* seScene.cpp in Sources */,
				4CF5B9011C591F9500BD7366 /* seResourceManager.cpp in Sources */,
				4C54BA261C5E235D0098F8A3 /* seGameLevel.cpp in Sources */,
				4CFE07431C5D6A5100289E4B /* seMain.cpp in Sources */,
				4C9DB56E1C590FE9005D6BEC /* seSprite.cpp in Sources */,
				4CF5B90A1C59559B00BD7366 /* seProgram.cpp in Sources */,
				4C93ACD11C5CE46C001F8833 /* seExceptions.cpp in Sources */,
			);
			runOnlyForDeploymentPostprocessing = 0;
		};
/* End PBXSourcesBuildPhase section */

/* Begin XCBuildConfiguration section */
		4CD9A7C61C5901500086AC7D /* Debug */ = {
			isa = XCBuildConfiguration;
			buildSettings = {
				ALWAYS_SEARCH_USER_PATHS = NO;
				CLANG_CXX_LANGUAGE_STANDARD = "gnu++0x";
				CLANG_CXX_LIBRARY = "libc++";
				CLANG_ENABLE_MODULES = YES;
				CLANG_ENABLE_OBJC_ARC = YES;
				CLANG_WARN_BOOL_CONVERSION = YES;
				CLANG_WARN_CONSTANT_CONVERSION = YES;
				CLANG_WARN_DIRECT_OBJC_ISA_USAGE = YES_ERROR;
				CLANG_WARN_EMPTY_BODY = YES;
				CLANG_WARN_ENUM_CONVERSION = YES;
				CLANG_WARN_INT_CONVERSION = YES;
				CLANG_WARN_OBJC_ROOT_CLASS = YES_ERROR;
				CLANG_WARN_UNREACHABLE_CODE = YES;
				CLANG_WARN__DUPLICATE_METHOD_MATCH = YES;
				CODE_SIGN_IDENTITY = "-";
				COPY_PHASE_STRIP = NO;
				DEBUG_INFORMATION_FORMAT = dwarf;
				ENABLE_STRICT_OBJC_MSGSEND = YES;
				ENABLE_TESTABILITY = YES;
				GCC_C_LANGUAGE_STANDARD = gnu99;
				GCC_DYNAMIC_NO_PIC = NO;
				GCC_INPUT_FILETYPE = sourcecode.cpp.objcpp;
				GCC_NO_COMMON_BLOCKS = YES;
				GCC_OPTIMIZATION_LEVEL = 0;
				GCC_PREPROCESSOR_DEFINITIONS = (
					"DEBUG=1",
					"_DEBUG=1",
					"$(inherited)",
				);
				GCC_WARN_64_TO_32_BIT_CONVERSION = YES;
				GCC_WARN_ABOUT_RETURN_TYPE = YES_ERROR;
				GCC_WARN_UNDECLARED_SELECTOR = YES;
				GCC_WARN_UNINITIALIZED_AUTOS = YES_AGGRESSIVE;
				GCC_WARN_UNUSED_FUNCTION = YES;
				GCC_WARN_UNUSED_VARIABLE = YES;
				HEADER_SEARCH_PATHS = (
					/usr/local/include,
					"spriteEngine/**",
				);
				LIBRARY_SEARCH_PATHS = /usr/local/lib;
				MACOSX_DEPLOYMENT_TARGET = 10.11;
				MTL_ENABLE_DEBUG_INFO = YES;
				ONLY_ACTIVE_ARCH = YES;
				SDKROOT = macosx;
			};
			name = Debug;
		};
		4CD9A7C71C5901500086AC7D /* Release */ = {
			isa = XCBuildConfiguration;
			buildSettings = {
				ALWAYS_SEARCH_USER_PATHS = NO;
				CLANG_CXX_LANGUAGE_STANDARD = "gnu++0x";
				CLANG_CXX_LIBRARY = "libc++";
				CLANG_ENABLE_MODULES = YES;
				CLANG_ENABLE_OBJC_ARC = YES;
				CLANG_WARN_BOOL_CONVERSION = YES;
				CLANG_WARN_CONSTANT_CONVERSION = YES;
				CLANG_WARN_DIRECT_OBJC_ISA_USAGE = YES_ERROR;
				CLANG_WARN_EMPTY_BODY = YES;
				CLANG_WARN_ENUM_CONVERSION = YES;
				CLANG_WARN_INT_CONVERSION = YES;
				CLANG_WARN_OBJC_ROOT_CLASS = YES_ERROR;
				CLANG_WARN_UNREACHABLE_CODE = YES;
				CLANG_WARN__DUPLICATE_METHOD_MATCH = YES;
				CODE_SIGN_IDENTITY = "-";
				COPY_PHASE_STRIP = NO;
				DEBUG_INFORMATION_FORMAT = "dwarf-with-dsym";
				ENABLE_NS_ASSERTIONS = NO;
				ENABLE_STRICT_OBJC_MSGSEND = YES;
				GCC_C_LANGUAGE_STANDARD = gnu99;
				GCC_INPUT_FILETYPE = sourcecode.cpp.objcpp;
				GCC_NO_COMMON_BLOCKS = YES;
				GCC_WARN_64_TO_32_BIT_CONVERSION = YES;
				GCC_WARN_ABOUT_RETURN_TYPE = YES_ERROR;
				GCC_WARN_UNDECLARED_SELECTOR = YES;
				GCC_WARN_UNINITIALIZED_AUTOS = YES_AGGRESSIVE;
				GCC_WARN_UNUSED_FUNCTION = YES;
				GCC_WARN_UNUSED_VARIABLE = YES;
				HEADER_SEARCH_PATHS = (
					/usr/local/include,
					"spriteEngine/**",
				);
				LIBRARY_SEARCH_PATHS = /usr/local/lib;
				MACOSX_DEPLOYMENT_TARGET = 10.11;
				MTL_ENABLE_DEBUG_INFO = NO;
				SDKROOT = macosx;
			};
			name = Release;
		};
		4CD9A7C91C5901500086AC7D /* Debug */ = {
			isa = XCBuildConfiguration;
			buildSettings = {
				COMBINE_HIDPI_IMAGES = YES;
				LD_RUNPATH_SEARCH_PATHS = "$(inherited) @executable_path/../Frameworks";
				LIBRARY_SEARCH_PATHS = (
					"$(inherited)",
					/usr/local/Cellar/glew/1.13.0/lib,
					/usr/local/Cellar/glfw3/3.1.2/lib,
					/usr/local/Cellar/libpng/1.6.20/lib,
				);
				PRODUCT_BUNDLE_IDENTIFIER = com.gakidou.spriteEngine;
				PRODUCT_NAME = "$(TARGET_NAME)";
			};
			name = Debug;
		};
		4CD9A7CA1C5901500086AC7D /* Release */ = {
			isa = XCBuildConfiguration;
			buildSettings = {
				COMBINE_HIDPI_IMAGES = YES;
				LD_RUNPATH_SEARCH_PATHS = "$(inherited) @executable_path/../Frameworks";
				LIBRARY_SEARCH_PATHS = (
					"$(inherited)",
					/usr/local/Cellar/glew/1.13.0/lib,
					/usr/local/Cellar/glfw3/3.1.2/lib,
					/usr/local/Cellar/libpng/1.6.20/lib,
				);
				PRODUCT_BUNDLE_IDENTIFIER = com.gakidou.spriteEngine;
				PRODUCT_NAME = "$(TARGET_NAME)";
			};
			name = Release;
		};
/* End XCBuildConfiguration section */

/* Begin XCConfigurationList section */
		4CD9A7B21C5901500086AC7D /* Build configuration list for PBXProject "spriteEngine" */ = {
			isa = XCConfigurationList;
			buildConfigurations = (
				4CD9A7C61C5901500086AC7D /* Debug */,
				4CD9A7C71C5901500086AC7D /* Release */,
			);
			defaultConfigurationIsVisible = 0;
			defaultConfigurationName = Debug;
		};
		4CD9A7C81C5901500086AC7D /* Build configuration list for PBXNativeTarget "spriteEngine" */ = {
			isa = XCConfigurationList;
			buildConfigurations = (
				4CD9A7C91C5901500086AC7D /* Debug */,
				4CD9A7CA1C5901500086AC7D /* Release */,
			);
			defaultConfigurationIsVisible = 0;
			defaultConfigurationName = Debug;
		};
/* End XCConfigurationList section */
	};
	rootObject = 4CD9A7AF1C5901500086AC7D /* Project object */;
}
